lockfileVersion: '6.0'

importers:

  packages/framer-components:
    dependencies:
      '@types/react':
        specifier: ^18.0.37
        version: 18.0.37
      esbuild:
        specifier: ^0.17.17
        version: 0.17.17
      framer:
        specifier: ^2.3.0
        version: 2.3.0(framer-motion@10.12.4)(react-dom@18.2.0)(react@18.2.0)
      framer-motion:
        specifier: ^10.12.4
        version: 10.12.4(react-dom@18.2.0)(react@18.2.0)
      globby:
        specifier: ^13.1.4
        version: 13.1.4
      react:
        specifier: ^18.2.0
        version: 18.2.0
      tmp:
        specifier: ^0.2.1
        version: 0.2.1
      typescript:
        specifier: ^5.0.4
        version: 5.0.4

packages:

  /@emotion/is-prop-valid@0.8.8:
    resolution: {integrity: sha512-u5WtneEAr5IDG2Wv65yhunPSMLIpuKsbuOktRojfrEiEvRyC85LgPMZI63cr7NUqT8ZIGdSVg8ZKGxIug4lXcA==}
    requiresBuild: true
    dependencies:
      '@emotion/memoize': 0.7.4
    dev: false
    optional: true

  /@emotion/memoize@0.7.4:
    resolution: {integrity: sha512-Ja/Vfqe3HpuzRsG1oBtWTHk2PGZ7GR+2Vz5iYGelAw8dx32K0y7PjVuxK6z1nMpZOqAFsRUPCkK1YjJ56qJlgw==}
    dev: false
    optional: true

  /@esbuild/android-arm64@0.17.17:
    resolution: {integrity: sha512-jaJ5IlmaDLFPNttv0ofcwy/cfeY4bh/n705Tgh+eLObbGtQBK3EPAu+CzL95JVE4nFAliyrnEu0d32Q5foavqg==}
    engines: {node: '>=12'}
    cpu: [arm64]
    os: [android]
    requiresBuild: true
    dev: false
    optional: true

  /@esbuild/android-arm@0.17.17:
    resolution: {integrity: sha512-E6VAZwN7diCa3labs0GYvhEPL2M94WLF8A+czO8hfjREXxba8Ng7nM5VxV+9ihNXIY1iQO1XxUU4P7hbqbICxg==}
    engines: {node: '>=12'}
    cpu: [arm]
    os: [android]
    requiresBuild: true
    dev: false
    optional: true

  /@esbuild/android-x64@0.17.17:
    resolution: {integrity: sha512-446zpfJ3nioMC7ASvJB1pszHVskkw4u/9Eu8s5yvvsSDTzYh4p4ZIRj0DznSl3FBF0Z/mZfrKXTtt0QCoFmoHA==}
    engines: {node: '>=12'}
    cpu: [x64]
    os: [android]
    requiresBuild: true
    dev: false
    optional: true

  /@esbuild/darwin-arm64@0.17.17:
    resolution: {integrity: sha512-m/gwyiBwH3jqfUabtq3GH31otL/0sE0l34XKpSIqR7NjQ/XHQ3lpmQHLHbG8AHTGCw8Ao059GvV08MS0bhFIJQ==}
    engines: {node: '>=12'}
    cpu: [arm64]
    os: [darwin]
    requiresBuild: true
    dev: false
    optional: true

  /@esbuild/darwin-x64@0.17.17:
    resolution: {integrity: sha512-4utIrsX9IykrqYaXR8ob9Ha2hAY2qLc6ohJ8c0CN1DR8yWeMrTgYFjgdeQ9LIoTOfLetXjuCu5TRPHT9yKYJVg==}
    engines: {node: '>=12'}
    cpu: [x64]
    os: [darwin]
    requiresBuild: true
    dev: false
    optional: true

  /@esbuild/freebsd-arm64@0.17.17:
    resolution: {integrity: sha512-4PxjQII/9ppOrpEwzQ1b0pXCsFLqy77i0GaHodrmzH9zq2/NEhHMAMJkJ635Ns4fyJPFOlHMz4AsklIyRqFZWA==}
    engines: {node: '>=12'}
    cpu: [arm64]
    os: [freebsd]
    requiresBuild: true
    dev: false
    optional: true

  /@esbuild/freebsd-x64@0.17.17:
    resolution: {integrity: sha512-lQRS+4sW5S3P1sv0z2Ym807qMDfkmdhUYX30GRBURtLTrJOPDpoU0kI6pVz1hz3U0+YQ0tXGS9YWveQjUewAJw==}
    engines: {node: '>=12'}
    cpu: [x64]
    os: [freebsd]
    requiresBuild: true
    dev: false
    optional: true

  /@esbuild/linux-arm64@0.17.17:
    resolution: {integrity: sha512-2+pwLx0whKY1/Vqt8lyzStyda1v0qjJ5INWIe+d8+1onqQxHLLi3yr5bAa4gvbzhZqBztifYEu8hh1La5+7sUw==}
    engines: {node: '>=12'}
    cpu: [arm64]
    os: [linux]
    requiresBuild: true
    dev: false
    optional: true

  /@esbuild/linux-arm@0.17.17:
    resolution: {integrity: sha512-biDs7bjGdOdcmIk6xU426VgdRUpGg39Yz6sT9Xp23aq+IEHDb/u5cbmu/pAANpDB4rZpY/2USPhCA+w9t3roQg==}
    engines: {node: '>=12'}
    cpu: [arm]
    os: [linux]
    requiresBuild: true
    dev: false
    optional: true

  /@esbuild/linux-ia32@0.17.17:
    resolution: {integrity: sha512-IBTTv8X60dYo6P2t23sSUYym8fGfMAiuv7PzJ+0LcdAndZRzvke+wTVxJeCq4WgjppkOpndL04gMZIFvwoU34Q==}
    engines: {node: '>=12'}
    cpu: [ia32]
    os: [linux]
    requiresBuild: true
    dev: false
    optional: true

  /@esbuild/linux-loong64@0.17.17:
    resolution: {integrity: sha512-WVMBtcDpATjaGfWfp6u9dANIqmU9r37SY8wgAivuKmgKHE+bWSuv0qXEFt/p3qXQYxJIGXQQv6hHcm7iWhWjiw==}
    engines: {node: '>=12'}
    cpu: [loong64]
    os: [linux]
    requiresBuild: true
    dev: false
    optional: true

  /@esbuild/linux-mips64el@0.17.17:
    resolution: {integrity: sha512-2kYCGh8589ZYnY031FgMLy0kmE4VoGdvfJkxLdxP4HJvWNXpyLhjOvxVsYjYZ6awqY4bgLR9tpdYyStgZZhi2A==}
    engines: {node: '>=12'}
    cpu: [mips64el]
    os: [linux]
    requiresBuild: true
    dev: false
    optional: true

  /@esbuild/linux-ppc64@0.17.17:
    resolution: {integrity: sha512-KIdG5jdAEeAKogfyMTcszRxy3OPbZhq0PPsW4iKKcdlbk3YE4miKznxV2YOSmiK/hfOZ+lqHri3v8eecT2ATwQ==}
    engines: {node: '>=12'}
    cpu: [ppc64]
    os: [linux]
    requiresBuild: true
    dev: false
    optional: true

  /@esbuild/linux-riscv64@0.17.17:
    resolution: {integrity: sha512-Cj6uWLBR5LWhcD/2Lkfg2NrkVsNb2sFM5aVEfumKB2vYetkA/9Uyc1jVoxLZ0a38sUhFk4JOVKH0aVdPbjZQeA==}
    engines: {node: '>=12'}
    cpu: [riscv64]
    os: [linux]
    requiresBuild: true
    dev: false
    optional: true

  /@esbuild/linux-s390x@0.17.17:
    resolution: {integrity: sha512-lK+SffWIr0XsFf7E0srBjhpkdFVJf3HEgXCwzkm69kNbRar8MhezFpkIwpk0qo2IOQL4JE4mJPJI8AbRPLbuOQ==}
    engines: {node: '>=12'}
    cpu: [s390x]
    os: [linux]
    requiresBuild: true
    dev: false
    optional: true

  /@esbuild/linux-x64@0.17.17:
    resolution: {integrity: sha512-XcSGTQcWFQS2jx3lZtQi7cQmDYLrpLRyz1Ns1DzZCtn898cWfm5Icx/DEWNcTU+T+tyPV89RQtDnI7qL2PObPg==}
    engines: {node: '>=12'}
    cpu: [x64]
    os: [linux]
    requiresBuild: true
    dev: false
    optional: true

  /@esbuild/netbsd-x64@0.17.17:
    resolution: {integrity: sha512-RNLCDmLP5kCWAJR+ItLM3cHxzXRTe4N00TQyQiimq+lyqVqZWGPAvcyfUBM0isE79eEZhIuGN09rAz8EL5KdLA==}
    engines: {node: '>=12'}
    cpu: [x64]
    os: [netbsd]
    requiresBuild: true
    dev: false
    optional: true

  /@esbuild/openbsd-x64@0.17.17:
    resolution: {integrity: sha512-PAXswI5+cQq3Pann7FNdcpSUrhrql3wKjj3gVkmuz6OHhqqYxKvi6GgRBoaHjaG22HV/ZZEgF9TlS+9ftHVigA==}
    engines: {node: '>=12'}
    cpu: [x64]
    os: [openbsd]
    requiresBuild: true
    dev: false
    optional: true

  /@esbuild/sunos-x64@0.17.17:
    resolution: {integrity: sha512-V63egsWKnx/4V0FMYkr9NXWrKTB5qFftKGKuZKFIrAkO/7EWLFnbBZNM1CvJ6Sis+XBdPws2YQSHF1Gqf1oj/Q==}
    engines: {node: '>=12'}
    cpu: [x64]
    os: [sunos]
    requiresBuild: true
    dev: false
    optional: true

  /@esbuild/win32-arm64@0.17.17:
    resolution: {integrity: sha512-YtUXLdVnd6YBSYlZODjWzH+KzbaubV0YVd6UxSfoFfa5PtNJNaW+1i+Hcmjpg2nEe0YXUCNF5bkKy1NnBv1y7Q==}
    engines: {node: '>=12'}
    cpu: [arm64]
    os: [win32]
    requiresBuild: true
    dev: false
    optional: true

  /@esbuild/win32-ia32@0.17.17:
    resolution: {integrity: sha512-yczSLRbDdReCO74Yfc5tKG0izzm+lPMYyO1fFTcn0QNwnKmc3K+HdxZWLGKg4pZVte7XVgcFku7TIZNbWEJdeQ==}
    engines: {node: '>=12'}
    cpu: [ia32]
    os: [win32]
    requiresBuild: true
    dev: false
    optional: true

  /@esbuild/win32-x64@0.17.17:
    resolution: {integrity: sha512-FNZw7H3aqhF9OyRQbDDnzUApDXfC1N6fgBhkqEO2jvYCJ+DxMTfZVqg3AX0R1khg1wHTBRD5SdcibSJ+XF6bFg==}
    engines: {node: '>=12'}
    cpu: [x64]
    os: [win32]
    requiresBuild: true
    dev: false
    optional: true

  /@juggle/resize-observer@3.4.0:
    resolution: {integrity: sha512-dfLbk+PwWvFzSxwk3n5ySL0hfBog779o8h68wK/7/APo/7cgyWp5jcXockbxdk5kFRkbeXWm4Fbi9FrdN381sA==}
    dev: false

  /@nodelib/fs.scandir@2.1.5:
    resolution: {integrity: sha512-vq24Bq3ym5HEQm2NKCr3yXDwjc7vTsEThRDnkp2DK9p1uqLR+DHurm/NOTo0KG7HYHU7eppKZj3MyqYuMBf62g==}
    engines: {node: '>= 8'}
    dependencies:
      '@nodelib/fs.stat': 2.0.5
      run-parallel: 1.2.0
    dev: false

  /@nodelib/fs.stat@2.0.5:
    resolution: {integrity: sha512-RkhPPp2zrqDAQA/2jNhnztcPAlv64XdhIp7a7454A5ovI7Bukxgt7MX7udwAu3zg1DcpPU0rz3VV1SeaqvY4+A==}
    engines: {node: '>= 8'}
    dev: false

  /@nodelib/fs.walk@1.2.8:
    resolution: {integrity: sha512-oGB+UxlgWcgQkgwo8GcEGwemoTFt3FIO9ababBmaGwXIoBKZ+GTy0pP185beGg7Llih/NSHSV2XAs1lnznocSg==}
    engines: {node: '>= 8'}
    dependencies:
      '@nodelib/fs.scandir': 2.1.5
      fastq: 1.15.0
    dev: false

  /@types/prop-types@15.7.5:
    resolution: {integrity: sha512-JCB8C6SnDoQf0cNycqd/35A7MjcnK+ZTqE7judS6o7utxUCg6imJg3QK2qzHKszlTjcj2cn+NwMB2i96ubpj7w==}
    dev: false

  /@types/react@18.0.37:
    resolution: {integrity: sha512-4yaZZtkRN3ZIQD3KSEwkfcik8s0SWV+82dlJot1AbGYHCzJkWP3ENBY6wYeDRmKZ6HkrgoGAmR2HqdwYGp6OEw==}
    dependencies:
      '@types/prop-types': 15.7.5
      '@types/scheduler': 0.16.3
      csstype: 3.1.2
    dev: false

  /@types/scheduler@0.16.3:
    resolution: {integrity: sha512-5cJ8CB4yAx7BH1oMvdU0Jh9lrEXyPkar6F9G/ERswkCuvP4KQZfZkSjcMbAICCpQTN4OuZn8tz0HiKv9TGZgrQ==}
    dev: false

  /balanced-match@1.0.2:
    resolution: {integrity: sha512-3oSeUO0TMV67hN1AmbXsK4yaqU7tjiHlbxRDZOpH0KW9+CeX4bRAaX0Anxt0tx2MrpRpWwQaPwIlISEJhYU5Pw==}
    dev: false

  /brace-expansion@1.1.11:
    resolution: {integrity: sha512-iCuPHDFgrHX7H2vEI/5xpz07zSHB00TpugqhmYtVmMO6518mCuRMoOYFldEBl0g187ufozdaHgWKcYFb61qGiA==}
    dependencies:
      balanced-match: 1.0.2
      concat-map: 0.0.1
    dev: false

  /braces@3.0.2:
    resolution: {integrity: sha512-b8um+L1RzM3WDSzvhm6gIz1yfTbBt6YTlcEKAvsmqCZZFw46z626lVj9j1yEPW33H5H+lBQpZMP1k8l+78Ha0A==}
    engines: {node: '>=8'}
    dependencies:
      fill-range: 7.0.1
    dev: false

  /concat-map@0.0.1:
    resolution: {integrity: sha512-/Srv4dswyQNBfohGpz9o6Yb3Gz3SrUDqBH5rTuhGR7ahtlbYKnVxw2bCFMRljaA7EXHaXZ8wsHdodFvbkhKmqg==}
    dev: false

  /csstype@3.1.2:
    resolution: {integrity: sha512-I7K1Uu0MBPzaFKg4nI5Q7Vs2t+3gWWW648spaF+Rg7pI9ds18Ugn+lvg4SHczUdKlHI5LWBXyqfS8+DufyBsgQ==}
    dev: false

  /dir-glob@3.0.1:
    resolution: {integrity: sha512-WkrWp9GR4KXfKGYzOLmTuGVi1UWFfws377n9cc55/tb6DuqyF6pcQ5AbiHEshaDpY9v6oaSr2XCDidGmMwdzIA==}
    engines: {node: '>=8'}
    dependencies:
      path-type: 4.0.0
    dev: false

  /esbuild@0.17.17:
    resolution: {integrity: sha512-/jUywtAymR8jR4qsa2RujlAF7Krpt5VWi72Q2yuLD4e/hvtNcFQ0I1j8m/bxq238pf3/0KO5yuXNpuLx8BE1KA==}
    engines: {node: '>=12'}
    hasBin: true
    requiresBuild: true
    optionalDependencies:
      '@esbuild/android-arm': 0.17.17
      '@esbuild/android-arm64': 0.17.17
      '@esbuild/android-x64': 0.17.17
      '@esbuild/darwin-arm64': 0.17.17
      '@esbuild/darwin-x64': 0.17.17
      '@esbuild/freebsd-arm64': 0.17.17
      '@esbuild/freebsd-x64': 0.17.17
      '@esbuild/linux-arm': 0.17.17
      '@esbuild/linux-arm64': 0.17.17
      '@esbuild/linux-ia32': 0.17.17
      '@esbuild/linux-loong64': 0.17.17
      '@esbuild/linux-mips64el': 0.17.17
      '@esbuild/linux-ppc64': 0.17.17
      '@esbuild/linux-riscv64': 0.17.17
      '@esbuild/linux-s390x': 0.17.17
      '@esbuild/linux-x64': 0.17.17
      '@esbuild/netbsd-x64': 0.17.17
      '@esbuild/openbsd-x64': 0.17.17
      '@esbuild/sunos-x64': 0.17.17
      '@esbuild/win32-arm64': 0.17.17
      '@esbuild/win32-ia32': 0.17.17
      '@esbuild/win32-x64': 0.17.17
    dev: false

  /eventemitter3@3.1.2:
    resolution: {integrity: sha512-tvtQIeLVHjDkJYnzf2dgVMxfuSGJeM/7UCG17TT4EumTfNtF+0nebF/4zWOIkCreAbtNqhGEboB6BWrwqNaw4Q==}
    dev: false

  /fast-glob@3.2.12:
    resolution: {integrity: sha512-DVj4CQIYYow0BlaelwK1pHl5n5cRSJfM60UA0zK891sVInoPri2Ekj7+e1CT3/3qxXenpI+nBBmQAcJPJgaj4w==}
    engines: {node: '>=8.6.0'}
    dependencies:
      '@nodelib/fs.stat': 2.0.5
      '@nodelib/fs.walk': 1.2.8
      glob-parent: 5.1.2
      merge2: 1.4.1
      micromatch: 4.0.5
    dev: false

  /fastq@1.15.0:
    resolution: {integrity: sha512-wBrocU2LCXXa+lWBt8RoIRD89Fi8OdABODa/kEnyeyjS5aZO5/GNvI5sEINADqP/h8M29UHTHUb53sUu5Ihqdw==}
    dependencies:
      reusify: 1.0.4
    dev: false

  /fill-range@7.0.1:
    resolution: {integrity: sha512-qOo9F+dMUmC2Lcb4BbVvnKJxTPjCm+RRpe4gDuGrzkL7mEVl/djYSu2OdQ2Pa302N4oqkSg9ir6jaLWJ2USVpQ==}
    engines: {node: '>=8'}
    dependencies:
      to-regex-range: 5.0.1
    dev: false

  /fontfaceobserver@2.3.0:
    resolution: {integrity: sha512-6FPvD/IVyT4ZlNe7Wcn5Fb/4ChigpucKYSvD6a+0iMoLn2inpo711eyIcKjmDtE5XNcgAkSH9uN/nfAeZzHEfg==}
    dev: false

  /framer-motion@10.12.4(react-dom@18.2.0)(react@18.2.0):
    resolution: {integrity: sha512-9gLtv8T6dui0tujHROR+VM3kdJyKiFCFiD94IQE+0OuX6LaIyXtdVpviokVdrHSb1giWhmmX4yzoucALMx6mtw==}
    peerDependencies:
      react: ^18.0.0
      react-dom: ^18.0.0
    peerDependenciesMeta:
      react:
        optional: true
      react-dom:
        optional: true
    dependencies:
      react: 18.2.0
      react-dom: 18.2.0(react@18.2.0)
      tslib: 2.5.0
    optionalDependencies:
      '@emotion/is-prop-valid': 0.8.8
    dev: false

  /framer@2.3.0(framer-motion@10.12.4)(react-dom@18.2.0)(react@18.2.0):
    resolution: {integrity: sha512-sVAwMEO3LEfHElJOueRjnlBEYN3X8ztbXwZ22RvBHUftOdDpBkrJfISdAds87O8FEWsn5T7Dp3sLfmrBKXXIaQ==}
    requiresBuild: true
    peerDependencies:
      framer-motion: ^7.6.12
      react: ^18.2.0
      react-dom: ^18.2.0
    dependencies:
      '@juggle/resize-observer': 3.4.0
      eventemitter3: 3.1.2
      fontfaceobserver: 2.3.0
      framer-motion: 10.12.4(react-dom@18.2.0)(react@18.2.0)
      hoist-non-react-statics: 3.3.2
      hsluv: 0.0.3
      react: 18.2.0
      react-dom: 18.2.0(react@18.2.0)
    dev: false

  /fs.realpath@1.0.0:
    resolution: {integrity: sha512-OO0pH2lK6a0hZnAdau5ItzHPI6pUlvI7jMVnxUQRtw4owF2wk8lOSabtGDCTP4Ggrg2MbGnWO9X8K1t4+fGMDw==}
    dev: false

  /glob-parent@5.1.2:
    resolution: {integrity: sha512-AOIgSQCepiJYwP3ARnGx+5VnTu2HBYdzbGP45eLw1vr3zB3vZLeyed1sC9hnbcOc9/SrMyM5RPQrkGz4aS9Zow==}
    engines: {node: '>= 6'}
    dependencies:
      is-glob: 4.0.3
    dev: false

  /glob@7.2.3:
    resolution: {integrity: sha512-nFR0zLpU2YCaRxwoCJvL6UvCH2JFyFVIvwTLsIf21AuHlMskA1hhTdk+LlYJtOlYt9v6dvszD2BGRqBL+iQK9Q==}
    dependencies:
      fs.realpath: 1.0.0
      inflight: 1.0.6
      inherits: 2.0.4
      minimatch: 3.1.2
      once: 1.4.0
      path-is-absolute: 1.0.1
    dev: false

  /globby@13.1.4:
    resolution: {integrity: sha512-iui/IiiW+QrJ1X1hKH5qwlMQyv34wJAYwH1vrf8b9kBA4sNiif3gKsMHa+BrdnOpEudWjpotfa7LrTzB1ERS/g==}
    engines: {node: ^12.20.0 || ^14.13.1 || >=16.0.0}
    dependencies:
      dir-glob: 3.0.1
      fast-glob: 3.2.12
      ignore: 5.2.4
      merge2: 1.4.1
      slash: 4.0.0
    dev: false

  /hoist-non-react-statics@3.3.2:
    resolution: {integrity: sha512-/gGivxi8JPKWNm/W0jSmzcMPpfpPLc3dY/6GxhX2hQ9iGj3aDfklV4ET7NjKpSinLpJ5vafa9iiGIEZg10SfBw==}
    dependencies:
      react-is: 16.13.1
    dev: false

  /hsluv@0.0.3:
    resolution: {integrity: sha512-08iL2VyCRbkQKBySkSh6m8zMUa3sADAxGVWs3Z1aPcUkTJeK0ETG4Fc27tEmQBGUAXZjIsXOZqBvacuVNSC/fQ==}
    dev: false

  /ignore@5.2.4:
    resolution: {integrity: sha512-MAb38BcSbH0eHNBxn7ql2NH/kX33OkB3lZ1BNdh7ENeRChHTYsTvWrMubiIAMNS2llXEEgZ1MUOBtXChP3kaFQ==}
    engines: {node: '>= 4'}
    dev: false

  /inflight@1.0.6:
    resolution: {integrity: sha512-k92I/b08q4wvFscXCLvqfsHCrjrF7yiXsQuIVvVE7N82W3+aqpzuUdBbfhWcy/FZR3/4IgflMgKLOsvPDrGCJA==}
    dependencies:
      once: 1.4.0
      wrappy: 1.0.2
    dev: false

  /inherits@2.0.4:
    resolution: {integrity: sha512-k/vGaX4/Yla3WzyMCvTQOXYeIHvqOKtnqBduzTHpzpQZzAskKMhZ2K+EnBiSM9zGSoIFeMpXKxa4dYeZIQqewQ==}
    dev: false

  /is-extglob@2.1.1:
    resolution: {integrity: sha512-SbKbANkN603Vi4jEZv49LeVJMn4yGwsbzZworEoyEiutsN3nJYdbO36zfhGJ6QEDpOZIFkDtnq5JRxmvl3jsoQ==}
    engines: {node: '>=0.10.0'}
    dev: false

  /is-glob@4.0.3:
    resolution: {integrity: sha512-xelSayHH36ZgE7ZWhli7pW34hNbNl8Ojv5KVmkJD4hBdD3th8Tfk9vYasLM+mXWOZhFkgZfxhLSnrwRr4elSSg==}
    engines: {node: '>=0.10.0'}
    dependencies:
      is-extglob: 2.1.1
    dev: false

  /is-number@7.0.0:
    resolution: {integrity: sha512-41Cifkg6e8TylSpdtTpeLVMqvSBEVzTttHvERD741+pnZ8ANv0004MRL43QKPDlK9cGvNp6NZWZUBlbGXYxxng==}
    engines: {node: '>=0.12.0'}
    dev: false

  /js-tokens@4.0.0:
    resolution: {integrity: sha512-RdJUflcE3cUzKiMqQgsCu06FPu9UdIJO0beYbPhHN4k6apgJtifcoCtT9bcxOpYBtpD2kCM6Sbzg4CausW/PKQ==}
    dev: false

  /loose-envify@1.4.0:
    resolution: {integrity: sha512-lyuxPGr/Wfhrlem2CL/UcnUc1zcqKAImBDzukY7Y5F/yQiNdko6+fRLevlw1HgMySw7f611UIY408EtxRSoK3Q==}
    hasBin: true
    dependencies:
      js-tokens: 4.0.0
    dev: false

  /merge2@1.4.1:
    resolution: {integrity: sha512-8q7VEgMJW4J8tcfVPy8g09NcQwZdbwFEqhe/WZkoIzjn/3TGDwtOCYtXGxA3O8tPzpczCCDgv+P2P5y00ZJOOg==}
    engines: {node: '>= 8'}
    dev: false

  /micromatch@4.0.5:
    resolution: {integrity: sha512-DMy+ERcEW2q8Z2Po+WNXuw3c5YaUSFjAO5GsJqfEl7UjvtIuFKO6ZrKvcItdy98dwFI2N1tg3zNIdKaQT+aNdA==}
    engines: {node: '>=8.6'}
    dependencies:
      braces: 3.0.2
      picomatch: 2.3.1
    dev: false

  /minimatch@3.1.2:
    resolution: {integrity: sha512-J7p63hRiAjw1NDEww1W7i37+ByIrOWO5XQQAzZ3VOcL0PNybwpfmV/N05zFAzwQ9USyEcX6t3UO+K5aqBQOIHw==}
    dependencies:
      brace-expansion: 1.1.11
    dev: false

  /once@1.4.0:
    resolution: {integrity: sha512-lNaJgI+2Q5URQBkccEKHTQOPaXdUxnZZElQTZY0MFUAuaEqe1E+Nyvgdz/aIyNi6Z9MzO5dv1H8n58/GELp3+w==}
    dependencies:
      wrappy: 1.0.2
    dev: false

  /path-is-absolute@1.0.1:
    resolution: {integrity: sha512-AVbw3UJ2e9bq64vSaS9Am0fje1Pa8pbGqTTsmXfaIiMpnr5DlDhfJOuLj9Sf95ZPVDAUerDfEk88MPmPe7UCQg==}
    engines: {node: '>=0.10.0'}
    dev: false

  /path-type@4.0.0:
    resolution: {integrity: sha512-gDKb8aZMDeD/tZWs9P6+q0J9Mwkdl6xMV8TjnGP3qJVJ06bdMgkbBlLU8IdfOsIsFz2BW1rNVT3XuNEl8zPAvw==}
    engines: {node: '>=8'}
    dev: false

  /picomatch@2.3.1:
    resolution: {integrity: sha512-JU3teHTNjmE2VCGFzuY8EXzCDVwEqB2a8fsIvwaStHhAWJEeVd1o1QD80CU6+ZdEXXSLbSsuLwJjkCBWqRQUVA==}
    engines: {node: '>=8.6'}
    dev: false

  /queue-microtask@1.2.3:
    resolution: {integrity: sha512-NuaNSa6flKT5JaSYQzJok04JzTL1CA6aGhv5rfLW3PgqA+M2ChpZQnAC8h8i4ZFkBS8X5RqkDBHA7r4hej3K9A==}
    dev: false

  /react-dom@18.2.0(react@18.2.0):
    resolution: {integrity: sha512-6IMTriUmvsjHUjNtEDudZfuDQUoWXVxKHhlEGSk81n4YFS+r/Kl99wXiwlVXtPBtJenozv2P+hxDsw9eA7Xo6g==}
    peerDependencies:
      react: ^18.2.0
    dependencies:
      loose-envify: 1.4.0
      react: 18.2.0
      scheduler: 0.23.0
    dev: false

  /react-is@16.13.1:
    resolution: {integrity: sha512-24e6ynE2H+OKt4kqsOvNd8kBpV65zoxbA4BVsEOB3ARVWQki/DHzaUoC5KuON/BiccDaCCTZBuOcfZs70kR8bQ==}
    dev: false

  /react@18.2.0:
    resolution: {integrity: sha512-/3IjMdb2L9QbBdWiW5e3P2/npwMBaU9mHCSCUzNln0ZCYbcfTsGbTJrU/kGemdH2IWmB2ioZ+zkxtmq6g09fGQ==}
    engines: {node: '>=0.10.0'}
    dependencies:
      loose-envify: 1.4.0
    dev: false

  /reusify@1.0.4:
    resolution: {integrity: sha512-U9nH88a3fc/ekCF1l0/UP1IosiuIjyTh7hBvXVMHYgVcfGvt897Xguj2UOLDeI5BG2m7/uwyaLVT6fbtCwTyzw==}
    engines: {iojs: '>=1.0.0', node: '>=0.10.0'}
    dev: false

  /rimraf@3.0.2:
    resolution: {integrity: sha512-JZkJMZkAGFFPP2YqXZXPbMlMBgsxzE8ILs4lMIX/2o0L9UBw9O/Y3o6wFw/i9YLapcUJWwqbi3kdxIPdC62TIA==}
    hasBin: true
    dependencies:
      glob: 7.2.3
    dev: false

  /run-parallel@1.2.0:
    resolution: {integrity: sha512-5l4VyZR86LZ/lDxZTR6jqL8AFE2S0IFLMP26AbjsLVADxHdhB/c0GUsH+y39UfCi3dzz8OlQuPmnaJOMoDHQBA==}
    dependencies:
      queue-microtask: 1.2.3
    dev: false

  /scheduler@0.23.0:
    resolution: {integrity: sha512-CtuThmgHNg7zIZWAXi3AsyIzA3n4xx7aNyjwC2VJldO2LMVDhFK+63xGqq6CsJH4rTAt6/M+N4GhZiDYPx9eUw==}
    dependencies:
      loose-envify: 1.4.0
    dev: false

  /slash@4.0.0:
    resolution: {integrity: sha512-3dOsAHXXUkQTpOYcoAxLIorMTp4gIQr5IW3iVb7A7lFIp0VHhnynm9izx6TssdrIcVIESAlVjtnO2K8bg+Coew==}
    engines: {node: '>=12'}
    dev: false

  /tmp@0.2.1:
    resolution: {integrity: sha512-76SUhtfqR2Ijn+xllcI5P1oyannHNHByD80W1q447gU3mp9G9PSpGdWmjUOHRDPiHYacIk66W7ubDTuPF3BEtQ==}
    engines: {node: '>=8.17.0'}
    dependencies:
      rimraf: 3.0.2
    dev: false

  /to-regex-range@5.0.1:
    resolution: {integrity: sha512-65P7iz6X5yEr1cwcgvQxbbIw7Uk3gOy5dIdtZ4rDveLqhrdJP+Li/Hx6tyK0NEb+2GCyneCMJiGqrADCSNk8sQ==}
    engines: {node: '>=8.0'}
    dependencies:
      is-number: 7.0.0
    dev: false

  /tslib@2.5.0:
    resolution: {integrity: sha512-336iVw3rtn2BUK7ORdIAHTyxHGRIHVReokCR3XjbckJMK7ms8FysBfhLR8IXnAgy7T0PTPNBWKiH514FOW/WSg==}
    dev: false

  /typescript@5.0.4:
    resolution: {integrity: sha512-cW9T5W9xY37cc+jfEnaUvX91foxtHkza3Nw3wkoF4sSlKn0MONdkdEndig/qPBWXNkmplh3NzayQzCiHM4/hqw==}
    engines: {node: '>=12.20'}
    hasBin: true
    dev: false

  /wrappy@1.0.2:
    resolution: {integrity: sha512-l4Sp/DRseor9wL6EvV2+TuQn63dMkPjZ/sp9XkghTEbV9KlPS1xUsZ3u7/IQO4wxtcFB4bgpQPRcR3QCvezPcQ==}
    dev: false
